# This file is automatically @generated by Cargo.
# It is not intended for manual editing.
version = 4

[[package]]
name = "anyhow"
version = "1.0.100"
source = "registry+https://github.com/rust-lang/crates.io-index"
checksum = "a23eb6b1614318a8071c9b2521f36b424b2c83db5eb3a0fead4a6c0809af6e61"

[[package]]
name = "cfg-if"
version = "1.0.4"
source = "registry+https://github.com/rust-lang/crates.io-index"
checksum = "9330f8b2ff13f34540b44e946ef35111825727b38d33286ef986142615121801"

[[package]]
name = "encoding_rs"
version = "0.8.35"
source = "registry+https://github.com/rust-lang/crates.io-index"
checksum = "75030f3c4f45dafd7586dd6780965a8c7e8e285a5ecb86713e63a79c5b2766f3"
dependencies = [
 "cfg-if",
]

[[package]]
name = "hashify"
version = "0.2.7"
source = "registry+https://github.com/rust-lang/crates.io-index"
checksum = "149e3ea90eb5a26ad354cfe3cb7f7401b9329032d0235f2687d03a35f30e5d4c"
dependencies = [
 "proc-macro2",
 "quote",
 "syn",
]

[[package]]
name = "mail-parser"
version = "0.11.1"
source = "registry+https://github.com/rust-lang/crates.io-index"
checksum = "dcf4390741c4e6fa330bdeccdfb580815dbb462952de91838b723357985119a3"
dependencies = [
 "encoding_rs",
 "hashify",
]

[[package]]
name = "midnight"
version = "0.1.0"
dependencies = [
 "anyhow",
 "mail-parser",
]

[[package]]
name = "proc-macro2"
version = "1.0.102"
source = "registry+https://github.com/rust-lang/crates.io-index"
checksum = "8e0f6df8eaa422d97d72edcd152e1451618fed47fabbdbd5a8864167b1d4aff7"
dependencies = [
 "unicode-ident",
]

[[package]]
name = "quote"
version = "1.0.41"
source = "registry+https://github.com/rust-lang/crates.io-index"
checksum = "ce25767e7b499d1b604768e7cde645d14cc8584231ea6b295e9c9eb22c02e1d1"
dependencies = [
 "proc-macro2",
]

[[package]]
name = "syn"
version = "2.0.108"
source = "registry+https://github.com/rust-lang/crates.io-index"
checksum = "da58917d35242480a05c2897064da0a80589a2a0476c9a3f2fdc83b53502e917"
dependencies = [
 "proc-macro2",
 "quote",
 "unicode-ident",
]

[[package]]
name = "unicode-ident"
version = "1.0.20"
source = "registry+https://github.com/rust-lang/crates.io-index"
checksum = "462eeb75aeb73aea900253ce739c8e18a67423fadf006037cd3ff27e82748a06"
